
Microsoft Visual Studio Solution File, Format Version 12.00
# Visual Studio Version 17
VisualStudioVersion = 17.10.35004.147
MinimumVisualStudioVersion = 10.0.40219.1
Project("{FAE04EC0-301F-11D3-BF4B-00C04F79EFBC}") = "очередь", "очередь.csproj", "{7B511282-9CFA-47C6-9FF9-185FFD4C160B}"
EndProject
Global
	GlobalSection(SolutionConfigurationPlatforms) = preSolution
		Debug|Any CPU = Debug|Any CPU
		Release|Any CPU = Release|Any CPU
	EndGlobalSection
	GlobalSection(ProjectConfigurationPlatforms) = postSolution
		{7B511282-9CFA-47C6-9FF9-185FFD4C160B}.Debug|Any CPU.ActiveCfg = Debug|Any CPU
		{7B511282-9CFA-47C6-9FF9-185FFD4C160B}.Debug|Any CPU.Build.0 = Debug|Any CPU
		{7B511282-9CFA-47C6-9FF9-185FFD4C160B}.Release|Any CPU.ActiveCfg = Release|Any CPU
		{7B511282-9CFA-47C6-9FF9-185FFD4C160B}.Release|Any CPU.Build.0 = Release|Any CPU
	EndGlobalSection
	GlobalSection(SolutionProperties) = preSolution
		HideSolutionNode = FALSE
	EndGlobalSection
	GlobalSection(ExtensibilityGlobals) = postSolution
		SolutionGuid = {A700A019-F129-4655-8B15-86C233AEF752}
	EndGlobalSection
EndGlobal
